
Microsoft Visual Studio Solution File, Format Version 12.00
# Visual Studio Version 16
VisualStudioVersion = 16.0.30611.23
MinimumVisualStudioVersion = 10.0.40219.1
Project("{FAE04EC0-301F-11D3-BF4B-00C04F79EFBC}") = "MeetingScheduler", "MeetingScheduler\MeetingScheduler.csproj", "{4724A4DE-8529-419B-9ABC-0276EC41AFE6}"
EndProject
Global
	GlobalSection(SolutionConfigurationPlatforms) = preSolution
		Debug|Any CPU = Debug|Any CPU
		Release|Any CPU = Release|Any CPU
	EndGlobalSection
	GlobalSection(ProjectConfigurationPlatforms) = postSolution
		{4724A4DE-8529-419B-9ABC-0276EC41AFE6}.Debug|Any CPU.ActiveCfg = Debug|Any CPU
		{4724A4DE-8529-419B-9ABC-0276EC41AFE6}.Debug|Any CPU.Build.0 = Debug|Any CPU
		{4724A4DE-8529-419B-9ABC-0276EC41AFE6}.Release|Any CPU.ActiveCfg = Release|Any CPU
		{4724A4DE-8529-419B-9ABC-0276EC41AFE6}.Release|Any CPU.Build.0 = Release|Any CPU
	EndGlobalSection
	GlobalSection(SolutionProperties) = preSolution
		HideSolutionNode = FALSE
	EndGlobalSection
	GlobalSection(ExtensibilityGlobals) = postSolution
		SolutionGuid = {916018C5-8D1A-4528-9918-9BD98E09E5C7}
	EndGlobalSection
EndGlobal
